
Microsoft Visual Studio Solution File, Format Version 12.00
# Visual Studio Version 17
VisualStudioVersion = 17.11.35312.102
MinimumVisualStudioVersion = 10.0.40219.1
Project("{FAE04EC0-301F-11D3-BF4B-00C04F79EFBC}") = "MvcMovie", "MvcMovie\MvcMovie.csproj", "{A59F607F-2CAB-4F06-B38A-2556F13FE999}"
EndProject
Global
	GlobalSection(SolutionConfigurationPlatforms) = preSolution
		Debug|Any CPU = Debug|Any CPU
		Release|Any CPU = Release|Any CPU
	EndGlobalSection
	GlobalSection(ProjectConfigurationPlatforms) = postSolution
		{A59F607F-2CAB-4F06-B38A-2556F13FE999}.Debug|Any CPU.ActiveCfg = Debug|Any CPU
		{A59F607F-2CAB-4F06-B38A-2556F13FE999}.Debug|Any CPU.Build.0 = Debug|Any CPU
		{A59F607F-2CAB-4F06-B38A-2556F13FE999}.Release|Any CPU.ActiveCfg = Release|Any CPU
		{A59F607F-2CAB-4F06-B38A-2556F13FE999}.Release|Any CPU.Build.0 = Release|Any CPU
	EndGlobalSection
	GlobalSection(SolutionProperties) = preSolution
		HideSolutionNode = FALSE
	EndGlobalSection
	GlobalSection(ExtensibilityGlobals) = postSolution
		SolutionGuid = {84C5D3C2-2B24-4BB1-B73A-96A9BDEF72EE}
	EndGlobalSection
EndGlobal
